# This file is generated by running "yarn install" inside your project.
# Manual changes might be lost - proceed with caution!

__metadata:
  version: 8
  cacheKey: 10c0

"SMpizza@workspace:.":
  version: 0.0.0-use.local
  resolution: "SMpizza@workspace:."
  dependencies:
    autoprefixer: "npm:^10.4.20"
    postcss: "npm:^8.5.3"
    tailwindcss: "npm:^4.0.12"
  languageName: unknown
  linkType: soft

"autoprefixer@npm:^10.4.20":
  version: 10.4.20
  resolution: "autoprefixer@npm:10.4.20"
  dependencies:
    browserslist: "npm:^4.23.3"
    caniuse-lite: "npm:^1.0.30001646"
    fraction.js: "npm:^4.3.7"
    normalize-range: "npm:^0.1.2"
    picocolors: "npm:^1.0.1"
    postcss-value-parser: "npm:^4.2.0"
  peerDependencies:
    postcss: ^8.1.0
  bin:
    autoprefixer: bin/autoprefixer
  checksum: 10c0/e1f00978a26e7c5b54ab12036d8c13833fad7222828fc90914771b1263f51b28c7ddb5803049de4e77696cbd02bb25cfc3634e80533025bb26c26aacdf938940
  languageName: node
  linkType: hard

"browserslist@npm:^4.23.3":
  version: 4.24.4
  resolution: "browserslist@npm:4.24.4"
  dependencies:
    caniuse-lite: "npm:^1.0.30001688"
    electron-to-chromium: "npm:^1.5.73"
    node-releases: "npm:^2.0.19"
    update-browserslist-db: "npm:^1.1.1"
  bin:
    browserslist: cli.js
  checksum: 10c0/db7ebc1733cf471e0b490b4f47e3e2ea2947ce417192c9246644e92c667dd56a71406cc58f62ca7587caf828364892e9952904a02b7aead752bc65b62a37cfe9
  languageName: node
  linkType: hard

"caniuse-lite@npm:^1.0.30001646, caniuse-lite@npm:^1.0.30001688":
  version: 1.0.30001702
  resolution: "caniuse-lite@npm:1.0.30001702"
  checksum: 10c0/52d46f41a96d179fd4e387bb6b26898148c31b626ff9aba105d207d2b0f869c7cb32ac67a6e8e0aeba3f03f33145ccfbee237250dfb58dba8b6526b4dd395ac6
  languageName: node
  linkType: hard

"electron-to-chromium@npm:^1.5.73":
  version: 1.5.113
  resolution: "electron-to-chromium@npm:1.5.113"
  checksum: 10c0/837fe2fd26adbc4f3ad8e758d14067a14f636f9c2923b5ded8adb93426bbe3fdc83b48ddf9f2cf03be31b5becb0c31144db19c823b696fd52a7bc4583f4bde00
  languageName: node
  linkType: hard

"escalade@npm:^3.2.0":
  version: 3.2.0
  resolution: "escalade@npm:3.2.0"
  checksum: 10c0/ced4dd3a78e15897ed3be74e635110bbf3b08877b0a41be50dcb325ee0e0b5f65fc2d50e9845194d7c4633f327e2e1c6cce00a71b617c5673df0374201d67f65
  languageName: node
  linkType: hard

"fraction.js@npm:^4.3.7":
  version: 4.3.7
  resolution: "fraction.js@npm:4.3.7"
  checksum: 10c0/df291391beea9ab4c263487ffd9d17fed162dbb736982dee1379b2a8cc94e4e24e46ed508c6d278aded9080ba51872f1bc5f3a5fd8d7c74e5f105b508ac28711
  languageName: node
  linkType: hard

"nanoid@npm:^3.3.8":
  version: 3.3.9
  resolution: "nanoid@npm:3.3.9"
  bin:
    nanoid: bin/nanoid.cjs
  checksum: 10c0/4515abe53db7b150cf77074558efc20d8e916d6910d557b5ce72e8bbf6f8e7554d3d7a0d180bfa65e5d8e99aa51b207aa8a3bf5f3b56233897b146d592e30b24
  languageName: node
  linkType: hard

"node-releases@npm:^2.0.19":
  version: 2.0.19
  resolution: "node-releases@npm:2.0.19"
  checksum: 10c0/52a0dbd25ccf545892670d1551690fe0facb6a471e15f2cfa1b20142a5b255b3aa254af5f59d6ecb69c2bec7390bc643c43aa63b13bf5e64b6075952e716b1aa
  languageName: node
  linkType: hard

"normalize-range@npm:^0.1.2":
  version: 0.1.2
  resolution: "normalize-range@npm:0.1.2"
  checksum: 10c0/bf39b73a63e0a42ad1a48c2bd1bda5a07ede64a7e2567307a407674e595bcff0fa0d57e8e5f1e7fa5e91000797c7615e13613227aaaa4d6d6e87f5bd5cc95de6
  languageName: node
  linkType: hard

"picocolors@npm:^1.0.1, picocolors@npm:^1.1.1":
  version: 1.1.1
  resolution: "picocolors@npm:1.1.1"
  checksum: 10c0/e2e3e8170ab9d7c7421969adaa7e1b31434f789afb9b3f115f6b96d91945041ac3ceb02e9ec6fe6510ff036bcc0bf91e69a1772edc0b707e12b19c0f2d6bcf58
  languageName: node
  linkType: hard

"postcss-value-parser@npm:^4.2.0":
  version: 4.2.0
  resolution: "postcss-value-parser@npm:4.2.0"
  checksum: 10c0/f4142a4f56565f77c1831168e04e3effd9ffcc5aebaf0f538eee4b2d465adfd4b85a44257bb48418202a63806a7da7fe9f56c330aebb3cac898e46b4cbf49161
  languageName: node
  linkType: hard

"postcss@npm:^8.5.3":
  version: 8.5.3
  resolution: "postcss@npm:8.5.3"
  dependencies:
    nanoid: "npm:^3.3.8"
    picocolors: "npm:^1.1.1"
    source-map-js: "npm:^1.2.1"
  checksum: 10c0/b75510d7b28c3ab728c8733dd01538314a18c52af426f199a3c9177e63eb08602a3938bfb66b62dc01350b9aed62087eabbf229af97a1659eb8d3513cec823b3
  languageName: node
  linkType: hard

"source-map-js@npm:^1.2.1":
  version: 1.2.1
  resolution: "source-map-js@npm:1.2.1"
  checksum: 10c0/7bda1fc4c197e3c6ff17de1b8b2c20e60af81b63a52cb32ec5a5d67a20a7d42651e2cb34ebe93833c5a2a084377e17455854fee3e21e7925c64a51b6a52b0faf
  languageName: node
  linkType: hard

"tailwindcss@npm:^4.0.12":
  version: 4.0.12
  resolution: "tailwindcss@npm:4.0.12"
  checksum: 10c0/186e94e49b97e974daf999c350bfc50e727039f22c44baf9144b987b6c9b754bc983e8c9ef5b99a3ca2d399115eb7811967f66cf9e88edc08ac729746d80dc56
  languageName: node
  linkType: hard

"update-browserslist-db@npm:^1.1.1":
  version: 1.1.3
  resolution: "update-browserslist-db@npm:1.1.3"
  dependencies:
    escalade: "npm:^3.2.0"
    picocolors: "npm:^1.1.1"
  peerDependencies:
    browserslist: ">= 4.21.0"
  bin:
    update-browserslist-db: cli.js
  checksum: 10c0/682e8ecbf9de474a626f6462aa85927936cdd256fe584c6df2508b0df9f7362c44c957e9970df55dfe44d3623807d26316ea2c7d26b80bb76a16c56c37233c32
  languageName: node
  linkType: hard
